
Microsoft Visual Studio Solution File, Format Version 12.00
Project("{FAE04EC0-301F-11D3-BF4B-00C04F79EFBC}") = "Web.Host", "src\Web.Host\Web.Host.csproj", "{9D498D10-6574-4CDA-BC66-2BFB84ACABF2}"
EndProject
Project("{FAE04EC0-301F-11D3-BF4B-00C04F79EFBC}") = "Web", "src\Web\Web.csproj", "{47AAE0D7-0351-4986-8E8F-6AE59D46EB71}"
EndProject
Project("{FAE04EC0-301F-11D3-BF4B-00C04F79EFBC}") = "Application", "src\Application\Application.csproj", "{E39F6AD8-243C-4BA7-8068-71F93BD745DE}"
EndProject
Project("{FAE04EC0-301F-11D3-BF4B-00C04F79EFBC}") = "Domain", "src\Domain\Domain.csproj", "{D7791AB7-F250-4C06-9074-5339BC304C86}"
EndProject
Project("{FAE04EC0-301F-11D3-BF4B-00C04F79EFBC}") = "UnitTests", "test\UnitTests\UnitTests.csproj", "{567421F8-73F7-43D3-AB0F-3DDA4304BD6D}"
EndProject
Project("{2150E333-8FDC-42A3-9474-1A3956D46DE8}") = "test", "test", "{80C79F21-1570-406A-A2E8-D401524DB070}"
EndProject
Project("{2150E333-8FDC-42A3-9474-1A3956D46DE8}") = "src", "src", "{701BB6F6-7ADF-4F51-B547-99EEBC63AD74}"
EndProject
Project("{FAE04EC0-301F-11D3-BF4B-00C04F79EFBC}") = "EntityFrameworkCore", "src\EntityFrameworkCore\EntityFrameworkCore.csproj", "{47DDE7F4-A865-4861-A42C-7D63A4EB5095}"
EndProject
Project("{FAE04EC0-301F-11D3-BF4B-00C04F79EFBC}") = "Application.Contracts", "src\Application.Contracts\Application.Contracts.csproj", "{6C61C26D-4F1F-4BB1-A1C6-C8C90E631ACD}"
EndProject
Project("{FAE04EC0-301F-11D3-BF4B-00C04F79EFBC}") = "WriteModel", "src\WriteModel\WriteModel.csproj", "{DD6B3F27-72AF-4ABD-857C-207372A4B682}"
EndProject
Project("{FAE04EC0-301F-11D3-BF4B-00C04F79EFBC}") = "IntegrationTests", "test\IntegrationTests\IntegrationTests.csproj", "{2E5F4519-723B-4E8B-BC5A-C39EA5F44C42}"
EndProject
Global
	GlobalSection(SolutionConfigurationPlatforms) = preSolution
		Debug|Any CPU = Debug|Any CPU
		Release|Any CPU = Release|Any CPU
	EndGlobalSection
	GlobalSection(ProjectConfigurationPlatforms) = postSolution
		{9D498D10-6574-4CDA-BC66-2BFB84ACABF2}.Debug|Any CPU.ActiveCfg = Debug|Any CPU
		{9D498D10-6574-4CDA-BC66-2BFB84ACABF2}.Debug|Any CPU.Build.0 = Debug|Any CPU
		{9D498D10-6574-4CDA-BC66-2BFB84ACABF2}.Release|Any CPU.ActiveCfg = Release|Any CPU
		{9D498D10-6574-4CDA-BC66-2BFB84ACABF2}.Release|Any CPU.Build.0 = Release|Any CPU
		{47AAE0D7-0351-4986-8E8F-6AE59D46EB71}.Debug|Any CPU.ActiveCfg = Debug|Any CPU
		{47AAE0D7-0351-4986-8E8F-6AE59D46EB71}.Debug|Any CPU.Build.0 = Debug|Any CPU
		{47AAE0D7-0351-4986-8E8F-6AE59D46EB71}.Release|Any CPU.ActiveCfg = Release|Any CPU
		{47AAE0D7-0351-4986-8E8F-6AE59D46EB71}.Release|Any CPU.Build.0 = Release|Any CPU
		{E39F6AD8-243C-4BA7-8068-71F93BD745DE}.Debug|Any CPU.ActiveCfg = Debug|Any CPU
		{E39F6AD8-243C-4BA7-8068-71F93BD745DE}.Debug|Any CPU.Build.0 = Debug|Any CPU
		{E39F6AD8-243C-4BA7-8068-71F93BD745DE}.Release|Any CPU.ActiveCfg = Release|Any CPU
		{E39F6AD8-243C-4BA7-8068-71F93BD745DE}.Release|Any CPU.Build.0 = Release|Any CPU
		{D7791AB7-F250-4C06-9074-5339BC304C86}.Debug|Any CPU.ActiveCfg = Debug|Any CPU
		{D7791AB7-F250-4C06-9074-5339BC304C86}.Debug|Any CPU.Build.0 = Debug|Any CPU
		{D7791AB7-F250-4C06-9074-5339BC304C86}.Release|Any CPU.ActiveCfg = Release|Any CPU
		{D7791AB7-F250-4C06-9074-5339BC304C86}.Release|Any CPU.Build.0 = Release|Any CPU
		{567421F8-73F7-43D3-AB0F-3DDA4304BD6D}.Debug|Any CPU.ActiveCfg = Debug|Any CPU
		{567421F8-73F7-43D3-AB0F-3DDA4304BD6D}.Debug|Any CPU.Build.0 = Debug|Any CPU
		{567421F8-73F7-43D3-AB0F-3DDA4304BD6D}.Release|Any CPU.ActiveCfg = Release|Any CPU
		{567421F8-73F7-43D3-AB0F-3DDA4304BD6D}.Release|Any CPU.Build.0 = Release|Any CPU
		{47DDE7F4-A865-4861-A42C-7D63A4EB5095}.Debug|Any CPU.ActiveCfg = Debug|Any CPU
		{47DDE7F4-A865-4861-A42C-7D63A4EB5095}.Debug|Any CPU.Build.0 = Debug|Any CPU
		{47DDE7F4-A865-4861-A42C-7D63A4EB5095}.Release|Any CPU.ActiveCfg = Release|Any CPU
		{47DDE7F4-A865-4861-A42C-7D63A4EB5095}.Release|Any CPU.Build.0 = Release|Any CPU
		{6C61C26D-4F1F-4BB1-A1C6-C8C90E631ACD}.Debug|Any CPU.ActiveCfg = Debug|Any CPU
		{6C61C26D-4F1F-4BB1-A1C6-C8C90E631ACD}.Debug|Any CPU.Build.0 = Debug|Any CPU
		{6C61C26D-4F1F-4BB1-A1C6-C8C90E631ACD}.Release|Any CPU.ActiveCfg = Release|Any CPU
		{6C61C26D-4F1F-4BB1-A1C6-C8C90E631ACD}.Release|Any CPU.Build.0 = Release|Any CPU
		{DD6B3F27-72AF-4ABD-857C-207372A4B682}.Debug|Any CPU.ActiveCfg = Debug|Any CPU
		{DD6B3F27-72AF-4ABD-857C-207372A4B682}.Debug|Any CPU.Build.0 = Debug|Any CPU
		{DD6B3F27-72AF-4ABD-857C-207372A4B682}.Release|Any CPU.ActiveCfg = Release|Any CPU
		{DD6B3F27-72AF-4ABD-857C-207372A4B682}.Release|Any CPU.Build.0 = Release|Any CPU
		{2E5F4519-723B-4E8B-BC5A-C39EA5F44C42}.Debug|Any CPU.ActiveCfg = Debug|Any CPU
		{2E5F4519-723B-4E8B-BC5A-C39EA5F44C42}.Debug|Any CPU.Build.0 = Debug|Any CPU
		{2E5F4519-723B-4E8B-BC5A-C39EA5F44C42}.Release|Any CPU.ActiveCfg = Release|Any CPU
		{2E5F4519-723B-4E8B-BC5A-C39EA5F44C42}.Release|Any CPU.Build.0 = Release|Any CPU
	EndGlobalSection
	GlobalSection(NestedProjects) = preSolution
		{567421F8-73F7-43D3-AB0F-3DDA4304BD6D} = {80C79F21-1570-406A-A2E8-D401524DB070}
		{E39F6AD8-243C-4BA7-8068-71F93BD745DE} = {701BB6F6-7ADF-4F51-B547-99EEBC63AD74}
		{D7791AB7-F250-4C06-9074-5339BC304C86} = {701BB6F6-7ADF-4F51-B547-99EEBC63AD74}
		{47AAE0D7-0351-4986-8E8F-6AE59D46EB71} = {701BB6F6-7ADF-4F51-B547-99EEBC63AD74}
		{9D498D10-6574-4CDA-BC66-2BFB84ACABF2} = {701BB6F6-7ADF-4F51-B547-99EEBC63AD74}
		{47DDE7F4-A865-4861-A42C-7D63A4EB5095} = {701BB6F6-7ADF-4F51-B547-99EEBC63AD74}
		{6C61C26D-4F1F-4BB1-A1C6-C8C90E631ACD} = {701BB6F6-7ADF-4F51-B547-99EEBC63AD74}
		{DD6B3F27-72AF-4ABD-857C-207372A4B682} = {701BB6F6-7ADF-4F51-B547-99EEBC63AD74}
		{2E5F4519-723B-4E8B-BC5A-C39EA5F44C42} = {80C79F21-1570-406A-A2E8-D401524DB070}
	EndGlobalSection
EndGlobal
